{
  "name": "class-ai-agent",
  "version": "1.2.1",
  "lockfileVersion": 3,
  "requires": true,
  "packages": {
    "": {
      "name": "class-ai-agent",
      "version": "1.2.1",
      "license": "MIT",
      "bin": {
        "class-ai-agent": "bin/class-ai-agent.cjs"
      },
      "engines": {
        "node": ">=16.7.0"
      }
    }
  }
}
